
Microsoft Visual Studio Solution File, Format Version 12.00
# Visual Studio Version 17
VisualStudioVersion = 17.8.34316.72
MinimumVisualStudioVersion = 10.0.40219.1
Project("{FAE04EC0-301F-11D3-BF4B-00C04F79EFBC}") = "AWSEC2CONTAINER", "AWSEC2CONTAINER\AWSEC2CONTAINER.csproj", "{B6F43468-D870-469F-A5B8-3890050D946A}"
EndProject
Global
	GlobalSection(SolutionConfigurationPlatforms) = preSolution
		Debug|Any CPU = Debug|Any CPU
		Release|Any CPU = Release|Any CPU
	EndGlobalSection
	GlobalSection(ProjectConfigurationPlatforms) = postSolution
		{B6F43468-D870-469F-A5B8-3890050D946A}.Debug|Any CPU.ActiveCfg = Debug|Any CPU
		{B6F43468-D870-469F-A5B8-3890050D946A}.Debug|Any CPU.Build.0 = Debug|Any CPU
		{B6F43468-D870-469F-A5B8-3890050D946A}.Release|Any CPU.ActiveCfg = Release|Any CPU
		{B6F43468-D870-469F-A5B8-3890050D946A}.Release|Any CPU.Build.0 = Release|Any CPU
	EndGlobalSection
	GlobalSection(SolutionProperties) = preSolution
		HideSolutionNode = FALSE
	EndGlobalSection
	GlobalSection(ExtensibilityGlobals) = postSolution
		SolutionGuid = {4FC50B71-5905-46CC-AECE-16B333247504}
	EndGlobalSection
EndGlobal
